PODS:
  - ReactiveCocoa (10.2.0):
    - ReactiveSwift (~> 6.2)
  - ReactiveSwift (6.2.0)
  - Realm (4.3.1):
    - Realm/Headers (= 4.3.1)
  - Realm/Headers (4.3.1)
  - RealmSwift (4.3.1):
    - Realm (= 4.3.1)
  - Swinject (2.7.1)

DEPENDENCIES:
  - ReactiveCocoa
  - RealmSwift
  - Swinject

SPEC REPOS:
  https://github.com/CocoaPods/Specs.git:
    - ReactiveCocoa
    - ReactiveSwift
    - Realm
    - RealmSwift
    - Swinject

SPEC CHECKSUMS:
  ReactiveCocoa: a123c42f449c552460a4ee217dd49c76a17c8204
  ReactiveSwift: 3dc8800378110b13d40b46ab362afa9f6bcffc6c
  Realm: 31dc40934081ef740f60feedc46d88473cbfeb40
  RealmSwift: b5199e9a41f67b99f51acf6874a6166f5fbe93d1
  Swinject: ddf78b8486dd9b71a667b852cad919ab4484478e

PODFILE CHECKSUM: dbfd08502b53b9b52a94b0ff3912897354fae2d7

COCOAPODS: 1.9.0
